Microsoft Visual Studio Solution File, Format Version 12.00
# Visual Studio Version 17
VisualStudioVersion = 17.5.2.0
MinimumVisualStudioVersion = 10.0.40219.1
Project("{FAE04EC0-301F-11D3-BF4B-00C04F79EFBC}") = "Peleitas", "Peleitas\Peleitas.csproj", "{115D7723-6748-8BB7-5FEA-E0EF5B96E32B}"
EndProject
Global
	GlobalSection(SolutionConfigurationPlatforms) = preSolution
		Debug|Any CPU = Debug|Any CPU
		Release|Any CPU = Release|Any CPU
	EndGlobalSection
	GlobalSection(ProjectConfigurationPlatforms) = postSolution
		{115D7723-6748-8BB7-5FEA-E0EF5B96E32B}.Debug|Any CPU.ActiveCfg = Debug|Any CPU
		{115D7723-6748-8BB7-5FEA-E0EF5B96E32B}.Debug|Any CPU.Build.0 = Debug|Any CPU
		{115D7723-6748-8BB7-5FEA-E0EF5B96E32B}.Release|Any CPU.ActiveCfg = Release|Any CPU
		{115D7723-6748-8BB7-5FEA-E0EF5B96E32B}.Release|Any CPU.Build.0 = Release|Any CPU
	EndGlobalSection
	GlobalSection(SolutionProperties) = preSolution
		HideSolutionNode = FALSE
	EndGlobalSection
	GlobalSection(ExtensibilityGlobals) = postSolution
		SolutionGuid = {9460D72B-585F-4427-AA42-D92DD148AEF5}
	EndGlobalSection
EndGlobal
